<?xml version="1.0" encoding="UTF-8"?>
<Scheme
   version = "1.3">
   <BuildAction>
      <BuildActionEntries>
         <BuildActionEntry
            buildForRunning = "YES">
            <BuildableReference
               BuildableIdentifier = "primary"
               BlueprintIdentifier = "9CB2D4268DCDF89E28B4CF4E"
               BuildableName = "Chapter08-APITest.app"
               BlueprintName = "Chapter08-APITest"
               ReferencedContainer = "container:Chapter08-APITest.xcodeproj">
            </BuildableReference>
         </BuildActionEntry>
      </BuildActionEntries>
   </BuildAction>
   <LaunchAction
      useCustomWorkingDirectory = "NO"
      buildConfiguration = "Debug"
      allowLocationSimulation = "YES">
      <BuildableProductRunnable>
         <BuildableReference
            BuildableIdentifier = "primary"
            BlueprintIdentifier = "9CB2D4268DCDF89E28B4CF4E"
            BuildableName = "Chapter08-APITest.app"
            BlueprintName = "Chapter08-APITest"
            ReferencedContainer = "container:Chapter08-APITest.xcodeproj">
         </BuildableReference>
      </BuildableProductRunnable>
   </LaunchAction>
</Scheme>
