<?xml version="1.0" encoding="UTF-8"?>
<Scheme
   version = "1.3">
   <BuildAction>
      <BuildActionEntries>
         <BuildActionEntry
            buildForRunning = "YES">
            <BuildableReference
               BuildableIdentifier = "primary"
               BlueprintIdentifier = "9CB2D350BCFE7CD99AD77398"
               BuildableName = "Chapter07-CoreData.app"
               BlueprintName = "Chapter07-CoreData"
               ReferencedContainer = "container:Chapter07-CoreData.xcodeproj">
            </BuildableReference>
         </BuildActionEntry>
      </BuildActionEntries>
   </BuildAction>
   <LaunchAction
      useCustomWorkingDirectory = "NO"
      buildConfiguration = "Debug"
      allowLocationSimulation = "YES">
      <BuildableProductRunnable>
         <BuildableReference
            BuildableIdentifier = "primary"
            BlueprintIdentifier = "9CB2D350BCFE7CD99AD77398"
            BuildableName = "Chapter07-CoreData.app"
            BlueprintName = "Chapter07-CoreData"
            ReferencedContainer = "container:Chapter07-CoreData.xcodeproj">
         </BuildableReference>
      </BuildableProductRunnable>
   </LaunchAction>
</Scheme>
