<?xml version="1.0" encoding="UTF-8"?>
<Scheme
   version = "1.3">
   <BuildAction>
      <BuildActionEntries>
         <BuildActionEntry
            buildForRunning = "YES">
            <BuildableReference
               BuildableIdentifier = "primary"
               BlueprintIdentifier = "0D47ADDD26C8B89300B91269"
               BuildableName = "Chapter06-HR.app"
               BlueprintName = "Chapter06-HR"
               ReferencedContainer = "container:Chapter06-HR.xcodeproj">
            </BuildableReference>
         </BuildActionEntry>
      </BuildActionEntries>
   </BuildAction>
   <LaunchAction
      useCustomWorkingDirectory = "NO"
      buildConfiguration = "Debug"
      allowLocationSimulation = "YES">
      <BuildableProductRunnable>
         <BuildableReference
            BuildableIdentifier = "primary"
            BlueprintIdentifier = "0D47ADDD26C8B89300B91269"
            BuildableName = "Chapter06-HR.app"
            BlueprintName = "Chapter06-HR"
            ReferencedContainer = "container:Chapter06-HR.xcodeproj">
         </BuildableReference>
      </BuildableProductRunnable>
   </LaunchAction>
</Scheme>
