// !$*UTF8*$!
{
	archiveVersion = 1;
	classes = {
	};
	objectVersion = 50;
	objects = {

/* Begin PBXBuildFile section */
		0D35C06F268811F400565AA4 /* AppDelegate.swift in Sources */ = {isa = PBXBuildFile; fileRef = 0D35C06E268811F400565AA4 /* AppDelegate.swift */; };
		0D35C071268811F400565AA4 /* SceneDelegate.swift in Sources */ = {isa = PBXBuildFile; fileRef = 0D35C070268811F400565AA4 /* SceneDelegate.swift */; };
		0D35C073268811F400565AA4 /* ViewController.swift in Sources */ = {isa = PBXBuildFile; fileRef = 0D35C072268811F400565AA4 /* ViewController.swift */; };
		0D35C076268811F400565AA4 /* Main.storyboard in Resources */ = {isa = PBXBuildFile; fileRef = 0D35C074268811F400565AA4 /* Main.storyboard */; };
		0D35C078268811F400565AA4 /* Assets.xcassets in Resources */ = {isa = PBXBuildFile; fileRef = 0D35C077268811F400565AA4 /* Assets.xcassets */; };
		0D35C07B268811F400565AA4 /* LaunchScreen.storyboard in Resources */ = {isa = PBXBuildFile; fileRef = 0D35C079268811F400565AA4 /* LaunchScreen.storyboard */; };
		0D35C0832688129100565AA4 /* ListViewController.swift in Sources */ = {isa = PBXBuildFile; fileRef = 0D35C0822688129100565AA4 /* ListViewController.swift */; };
		0D35C0852688151400565AA4 /* MovieVO.swift in Sources */ = {isa = PBXBuildFile; fileRef = 0D35C0842688151400565AA4 /* MovieVO.swift */; };
		0D35C087268833D700565AA4 /* MovieCell.swift in Sources */ = {isa = PBXBuildFile; fileRef = 0D35C086268833D700565AA4 /* MovieCell.swift */; };
		0D35C08C2688636F00565AA4 /* rain.jpeg in Resources */ = {isa = PBXBuildFile; fileRef = 0D35C08B2688636F00565AA4 /* rain.jpeg */; };
		0D35C08F2688638200565AA4 /* secret.jpeg in Resources */ = {isa = PBXBuildFile; fileRef = 0D35C08D2688638200565AA4 /* secret.jpeg */; };
		0D35C0902688638200565AA4 /* darknight.jpeg in Resources */ = {isa = PBXBuildFile; fileRef = 0D35C08E2688638200565AA4 /* darknight.jpeg */; };
		0D38B6752691DCEC0056E3BD /* Listbullets.png in Resources */ = {isa = PBXBuildFile; fileRef = 0D38B6732691DCEC0056E3BD /* Listbullets.png */; };
		0D38B6762691DCEC0056E3BD /* Trailer.png in Resources */ = {isa = PBXBuildFile; fileRef = 0D38B6742691DCEC0056E3BD /* Trailer.png */; };
		0D38B6782691E0590056E3BD /* TheaterCell.swift in Sources */ = {isa = PBXBuildFile; fileRef = 0D38B6772691E0590056E3BD /* TheaterCell.swift */; };
		0D38B67A2691E2310056E3BD /* TheaterListController.swift in Sources */ = {isa = PBXBuildFile; fileRef = 0D38B6792691E2310056E3BD /* TheaterListController.swift */; };
		0D41D8022690492800C215D5 /* DetailViewController.swift in Sources */ = {isa = PBXBuildFile; fileRef = 0D41D8012690492800C215D5 /* DetailViewController.swift */; };
		0DAB66E52692FD9C00528BF4 /* MapKit.framework in Frameworks */ = {isa = PBXBuildFile; fileRef = 0DAB66E32692FD4E00528BF4 /* MapKit.framework */; };
		0DAB66E92692FDE800528BF4 /* TheaterViewController.swift in Sources */ = {isa = PBXBuildFile; fileRef = 0DAB66E82692FDE800528BF4 /* TheaterViewController.swift */; };
/* End PBXBuildFile section */

/* Begin PBXFileReference section */
		0D35C06B268811F400565AA4 /* MyMovieChart.app */ = {isa = PBXFileReference; explicitFileType = wrapper.application; includeInIndex = 0; path = MyMovieChart.app; sourceTree = BUILT_PRODUCTS_DIR; };
		0D35C06E268811F400565AA4 /* AppDelegate.swift */ = {isa = PBXFileReference; lastKnownFileType = sourcecode.swift; path = AppDelegate.swift; sourceTree = "<group>"; };
		0D35C070268811F400565AA4 /* SceneDelegate.swift */ = {isa = PBXFileReference; lastKnownFileType = sourcecode.swift; path = SceneDelegate.swift; sourceTree = "<group>"; };
		0D35C072268811F400565AA4 /* ViewController.swift */ = {isa = PBXFileReference; lastKnownFileType = sourcecode.swift; path = ViewController.swift; sourceTree = "<group>"; };
		0D35C075268811F400565AA4 /* Base */ = {isa = PBXFileReference; lastKnownFileType = file.storyboard; name = Base; path = Base.lproj/Main.storyboard; sourceTree = "<group>"; };
		0D35C077268811F400565AA4 /* Assets.xcassets */ = {isa = PBXFileReference; lastKnownFileType = folder.assetcatalog; path = Assets.xcassets; sourceTree = "<group>"; };
		0D35C07A268811F400565AA4 /* Base */ = {isa = PBXFileReference; lastKnownFileType = file.storyboard; name = Base; path = Base.lproj/LaunchScreen.storyboard; sourceTree = "<group>"; };
		0D35C07C268811F400565AA4 /* Info.plist */ = {isa = PBXFileReference; lastKnownFileType = text.plist.xml; path = Info.plist; sourceTree = "<group>"; };
		0D35C0822688129100565AA4 /* ListViewController.swift */ = {isa = PBXFileReference; lastKnownFileType = sourcecode.swift; path = ListViewController.swift; sourceTree = "<group>"; };
		0D35C0842688151400565AA4 /* MovieVO.swift */ = {isa = PBXFileReference; lastKnownFileType = sourcecode.swift; path = MovieVO.swift; sourceTree = "<group>"; };
		0D35C086268833D700565AA4 /* MovieCell.swift */ = {isa = PBXFileReference; lastKnownFileType = sourcecode.swift; path = MovieCell.swift; sourceTree = "<group>"; };
		0D35C08B2688636F00565AA4 /* rain.jpeg */ = {isa = PBXFileReference; lastKnownFileType = image.jpeg; path = rain.jpeg; sourceTree = "<group>"; };
		0D35C08D2688638200565AA4 /* secret.jpeg */ = {isa = PBXFileReference; lastKnownFileType = image.jpeg; path = secret.jpeg; sourceTree = "<group>"; };
		0D35C08E2688638200565AA4 /* darknight.jpeg */ = {isa = PBXFileReference; lastKnownFileType = image.jpeg; path = darknight.jpeg; sourceTree = "<group>"; };
		0D38B6732691DCEC0056E3BD /* Listbullets.png */ = {isa = PBXFileReference; lastKnownFileType = image.png; path = Listbullets.png; sourceTree = "<group>"; };
		0D38B6742691DCEC0056E3BD /* Trailer.png */ = {isa = PBXFileReference; lastKnownFileType = image.png; path = Trailer.png; sourceTree = "<group>"; };
		0D38B6772691E0590056E3BD /* TheaterCell.swift */ = {isa = PBXFileReference; lastKnownFileType = sourcecode.swift; path = TheaterCell.swift; sourceTree = "<group>"; };
		0D38B6792691E2310056E3BD /* TheaterListController.swift */ = {isa = PBXFileReference; lastKnownFileType = sourcecode.swift; path = TheaterListController.swift; sourceTree = "<group>"; };
		0D41D8012690492800C215D5 /* DetailViewController.swift */ = {isa = PBXFileReference; lastKnownFileType = sourcecode.swift; path = DetailViewController.swift; sourceTree = "<group>"; };
		0DAB66E32692FD4E00528BF4 /* MapKit.framework */ = {isa = PBXFileReference; lastKnownFileType = wrapper.framework; name = MapKit.framework; path = System/Library/Frameworks/MapKit.framework; sourceTree = SDKROOT; };
		0DAB66E82692FDE800528BF4 /* TheaterViewController.swift */ = {isa = PBXFileReference; lastKnownFileType = sourcecode.swift; path = TheaterViewController.swift; sourceTree = "<group>"; };
/* End PBXFileReference section */

/* Begin PBXFrameworksBuildPhase section */
		0D35C068268811F400565AA4 /* Frameworks */ = {
			isa = PBXFrameworksBuildPhase;
			buildActionMask = 2147483647;
			files = (
				0DAB66E52692FD9C00528BF4 /* MapKit.framework in Frameworks */,
			);
			runOnlyForDeploymentPostprocessing = 0;
		};
/* End PBXFrameworksBuildPhase section */

/* Begin PBXGroup section */
		0D35C062268811F400565AA4 = {
			isa = PBXGroup;
			children = (
				0D35C0882688371B00565AA4 /* Resources */,
				0D35C06D268811F400565AA4 /* MyMovieChart */,
				0D35C06C268811F400565AA4 /* Products */,
				0DAB66E22692FD4D00528BF4 /* Frameworks */,
			);
			sourceTree = "<group>";
		};
		0D35C06C268811F400565AA4 /* Products */ = {
			isa = PBXGroup;
			children = (
				0D35C06B268811F400565AA4 /* MyMovieChart.app */,
			);
			name = Products;
			sourceTree = "<group>";
		};
		0D35C06D268811F400565AA4 /* MyMovieChart */ = {
			isa = PBXGroup;
			children = (
				0D35C06E268811F400565AA4 /* AppDelegate.swift */,
				0D35C070268811F400565AA4 /* SceneDelegate.swift */,
				0D35C072268811F400565AA4 /* ViewController.swift */,
				0D35C074268811F400565AA4 /* Main.storyboard */,
				0D35C0842688151400565AA4 /* MovieVO.swift */,
				0D35C077268811F400565AA4 /* Assets.xcassets */,
				0D35C079268811F400565AA4 /* LaunchScreen.storyboard */,
				0D35C07C268811F400565AA4 /* Info.plist */,
				0D35C0822688129100565AA4 /* ListViewController.swift */,
				0D35C086268833D700565AA4 /* MovieCell.swift */,
				0D41D8012690492800C215D5 /* DetailViewController.swift */,
				0D38B6772691E0590056E3BD /* TheaterCell.swift */,
				0D38B6792691E2310056E3BD /* TheaterListController.swift */,
				0DAB66E82692FDE800528BF4 /* TheaterViewController.swift */,
			);
			path = MyMovieChart;
			sourceTree = "<group>";
		};
		0D35C0882688371B00565AA4 /* Resources */ = {
			isa = PBXGroup;
			children = (
				0D38B6732691DCEC0056E3BD /* Listbullets.png */,
				0D38B6742691DCEC0056E3BD /* Trailer.png */,
				0D35C08E2688638200565AA4 /* darknight.jpeg */,
				0D35C08D2688638200565AA4 /* secret.jpeg */,
				0D35C08B2688636F00565AA4 /* rain.jpeg */,
			);
			path = Resources;
			sourceTree = "<group>";
		};
		0DAB66E22692FD4D00528BF4 /* Frameworks */ = {
			isa = PBXGroup;
			children = (
				0DAB66E32692FD4E00528BF4 /* MapKit.framework */,
			);
			name = Frameworks;
			sourceTree = "<group>";
		};
/* End PBXGroup section */

/* Begin PBXNativeTarget section */
		0D35C06A268811F400565AA4 /* MyMovieChart */ = {
			isa = PBXNativeTarget;
			buildConfigurationList = 0D35C07F268811F400565AA4 /* Build configuration list for PBXNativeTarget "MyMovieChart" */;
			buildPhases = (
				0D35C067268811F400565AA4 /* Sources */,
				0D35C068268811F400565AA4 /* Frameworks */,
				0D35C069268811F400565AA4 /* Resources */,
			);
			buildRules = (
			);
			dependencies = (
			);
			name = MyMovieChart;
			productName = MyMovieChart;
			productReference = 0D35C06B268811F400565AA4 /* MyMovieChart.app */;
			productType = "com.apple.product-type.application";
		};
/* End PBXNativeTarget section */

/* Begin PBXProject section */
		0D35C063268811F400565AA4 /* Project object */ = {
			isa = PBXProject;
			attributes = {
				LastSwiftUpdateCheck = 1250;
				LastUpgradeCheck = 1250;
				TargetAttributes = {
					0D35C06A268811F400565AA4 = {
						CreatedOnToolsVersion = 12.5;
					};
				};
			};
			buildConfigurationList = 0D35C066268811F400565AA4 /* Build configuration list for PBXProject "MyMovieChart" */;
			compatibilityVersion = "Xcode 9.3";
			developmentRegion = en;
			hasScannedForEncodings = 0;
			knownRegions = (
				en,
				Base,
			);
			mainGroup = 0D35C062268811F400565AA4;
			productRefGroup = 0D35C06C268811F400565AA4 /* Products */;
			projectDirPath = "";
			projectRoot = "";
			targets = (
				0D35C06A268811F400565AA4 /* MyMovieChart */,
			);
		};
/* End PBXProject section */

/* Begin PBXResourcesBuildPhase section */
		0D35C069268811F400565AA4 /* Resources */ = {
			isa = PBXResourcesBuildPhase;
			buildActionMask = 2147483647;
			files = (
				0D38B6752691DCEC0056E3BD /* Listbullets.png in Resources */,
				0D38B6762691DCEC0056E3BD /* Trailer.png in Resources */,
				0D35C07B268811F400565AA4 /* LaunchScreen.storyboard in Resources */,
				0D35C078268811F400565AA4 /* Assets.xcassets in Resources */,
				0D35C076268811F400565AA4 /* Main.storyboard in Resources */,
				0D35C08F2688638200565AA4 /* secret.jpeg in Resources */,
				0D35C0902688638200565AA4 /* darknight.jpeg in Resources */,
				0D35C08C2688636F00565AA4 /* rain.jpeg in Resources */,
			);
			runOnlyForDeploymentPostprocessing = 0;
		};
/* End PBXResourcesBuildPhase section */

/* Begin PBXSourcesBuildPhase section */
		0D35C067268811F400565AA4 /* Sources */ = {
			isa = PBXSourcesBuildPhase;
			buildActionMask = 2147483647;
			files = (
				0D35C073268811F400565AA4 /* ViewController.swift in Sources */,
				0D38B6782691E0590056E3BD /* TheaterCell.swift in Sources */,
				0D35C06F268811F400565AA4 /* AppDelegate.swift in Sources */,
				0D35C087268833D700565AA4 /* MovieCell.swift in Sources */,
				0D35C0832688129100565AA4 /* ListViewController.swift in Sources */,
				0D38B67A2691E2310056E3BD /* TheaterListController.swift in Sources */,
				0D35C071268811F400565AA4 /* SceneDelegate.swift in Sources */,
				0D35C0852688151400565AA4 /* MovieVO.swift in Sources */,
				0DAB66E92692FDE800528BF4 /* TheaterViewController.swift in Sources */,
				0D41D8022690492800C215D5 /* DetailViewController.swift in Sources */,
			);
			runOnlyForDeploymentPostprocessing = 0;
		};
/* End PBXSourcesBuildPhase section */

/* Begin PBXVariantGroup section */
		0D35C074268811F400565AA4 /* Main.storyboard */ = {
			isa = PBXVariantGroup;
			children = (
				0D35C075268811F400565AA4 /* Base */,
			);
			name = Main.storyboard;
			sourceTree = "<group>";
		};
		0D35C079268811F400565AA4 /* LaunchScreen.storyboard */ = {
			isa = PBXVariantGroup;
			children = (
				0D35C07A268811F400565AA4 /* Base */,
			);
			name = LaunchScreen.storyboard;
			sourceTree = "<group>";
		};
/* End PBXVariantGroup section */

/* Begin XCBuildConfiguration section */
		0D35C07D268811F400565AA4 /* Debug */ = {
			isa = XCBuildConfiguration;
			buildSettings = {
				ALWAYS_SEARCH_USER_PATHS = NO;
				CLANG_ANALYZER_NONNULL = YES;
				CLANG_ANALYZER_NUMBER_OBJECT_CONVERSION = YES_AGGRESSIVE;
				CLANG_CXX_LANGUAGE_STANDARD = "gnu++14";
				CLANG_CXX_LIBRARY = "libc++";
				CLANG_ENABLE_MODULES = YES;
				CLANG_ENABLE_OBJC_ARC = YES;
				CLANG_ENABLE_OBJC_WEAK = YES;
				CLANG_WARN_BLOCK_CAPTURE_AUTORELEASING = YES;
				CLANG_WARN_BOOL_CONVERSION = YES;
				CLANG_WARN_COMMA = YES;
				CLANG_WARN_CONSTANT_CONVERSION = YES;
				CLANG_WARN_DEPRECATED_OBJC_IMPLEMENTATIONS = YES;
				CLANG_WARN_DIRECT_OBJC_ISA_USAGE = YES_ERROR;
				CLANG_WARN_DOCUMENTATION_COMMENTS = YES;
				CLANG_WARN_EMPTY_BODY = YES;
				CLANG_WARN_ENUM_CONVERSION = YES;
				CLANG_WARN_INFINITE_RECURSION = YES;
				CLANG_WARN_INT_CONVERSION = YES;
				CLANG_WARN_NON_LITERAL_NULL_CONVERSION = YES;
				CLANG_WARN_OBJC_IMPLICIT_RETAIN_SELF = YES;
				CLANG_WARN_OBJC_LITERAL_CONVERSION = YES;
				CLANG_WARN_OBJC_ROOT_CLASS = YES_ERROR;
				CLANG_WARN_QUOTED_INCLUDE_IN_FRAMEWORK_HEADER = YES;
				CLANG_WARN_RANGE_LOOP_ANALYSIS = YES;
				CLANG_WARN_STRICT_PROTOTYPES = YES;
				CLANG_WARN_SUSPICIOUS_MOVE = YES;
				CLANG_WARN_UNGUARDED_AVAILABILITY = YES_AGGRESSIVE;
				CLANG_WARN_UNREACHABLE_CODE = YES;
				CLANG_WARN__DUPLICATE_METHOD_MATCH = YES;
				COPY_PHASE_STRIP = NO;
				DEBUG_INFORMATION_FORMAT = dwarf;
				ENABLE_STRICT_OBJC_MSGSEND = YES;
				ENABLE_TESTABILITY = YES;
				GCC_C_LANGUAGE_STANDARD = gnu11;
				GCC_DYNAMIC_NO_PIC = NO;
				GCC_NO_COMMON_BLOCKS = YES;
				GCC_OPTIMIZATION_LEVEL = 0;
				GCC_PREPROCESSOR_DEFINITIONS = (
					"DEBUG=1",
					"$(inherited)",
				);
				GCC_WARN_64_TO_32_BIT_CONVERSION = YES;
				GCC_WARN_ABOUT_RETURN_TYPE = YES_ERROR;
				GCC_WARN_UNDECLARED_SELECTOR = YES;
				GCC_WARN_UNINITIALIZED_AUTOS = YES_AGGRESSIVE;
				GCC_WARN_UNUSED_FUNCTION = YES;
				GCC_WARN_UNUSED_VARIABLE = YES;
				IPHONEOS_DEPLOYMENT_TARGET = 14.5;
				MTL_ENABLE_DEBUG_INFO = INCLUDE_SOURCE;
				MTL_FAST_MATH = YES;
				ONLY_ACTIVE_ARCH = YES;
				SDKROOT = iphoneos;
				SWIFT_ACTIVE_COMPILATION_CONDITIONS = DEBUG;
				SWIFT_OPTIMIZATION_LEVEL = "-Onone";
			};
			name = Debug;
		};
		0D35C07E268811F400565AA4 /* Release */ = {
			isa = XCBuildConfiguration;
			buildSettings = {
				ALWAYS_SEARCH_USER_PATHS = NO;
				CLANG_ANALYZER_NONNULL = YES;
				CLANG_ANALYZER_NUMBER_OBJECT_CONVERSION = YES_AGGRESSIVE;
				CLANG_CXX_LANGUAGE_STANDARD = "gnu++14";
				CLANG_CXX_LIBRARY = "libc++";
				CLANG_ENABLE_MODULES = YES;
				CLANG_ENABLE_OBJC_ARC = YES;
				CLANG_ENABLE_OBJC_WEAK = YES;
				CLANG_WARN_BLOCK_CAPTURE_AUTORELEASING = YES;
				CLANG_WARN_BOOL_CONVERSION = YES;
				CLANG_WARN_COMMA = YES;
				CLANG_WARN_CONSTANT_CONVERSION = YES;
				CLANG_WARN_DEPRECATED_OBJC_IMPLEMENTATIONS = YES;
				CLANG_WARN_DIRECT_OBJC_ISA_USAGE = YES_ERROR;
				CLANG_WARN_DOCUMENTATION_COMMENTS = YES;
				CLANG_WARN_EMPTY_BODY = YES;
				CLANG_WARN_ENUM_CONVERSION = YES;
				CLANG_WARN_INFINITE_RECURSION = YES;
				CLANG_WARN_INT_CONVERSION = YES;
				CLANG_WARN_NON_LITERAL_NULL_CONVERSION = YES;
				CLANG_WARN_OBJC_IMPLICIT_RETAIN_SELF = YES;
				CLANG_WARN_OBJC_LITERAL_CONVERSION = YES;
				CLANG_WARN_OBJC_ROOT_CLASS = YES_ERROR;
				CLANG_WARN_QUOTED_INCLUDE_IN_FRAMEWORK_HEADER = YES;
				CLANG_WARN_RANGE_LOOP_ANALYSIS = YES;
				CLANG_WARN_STRICT_PROTOTYPES = YES;
				CLANG_WARN_SUSPICIOUS_MOVE = YES;
				CLANG_WARN_UNGUARDED_AVAILABILITY = YES_AGGRESSIVE;
				CLANG_WARN_UNREACHABLE_CODE = YES;
				CLANG_WARN__DUPLICATE_METHOD_MATCH = YES;
				COPY_PHASE_STRIP = NO;
				DEBUG_INFORMATION_FORMAT = "dwarf-with-dsym";
				ENABLE_NS_ASSERTIONS = NO;
				ENABLE_STRICT_OBJC_MSGSEND = YES;
				GCC_C_LANGUAGE_STANDARD = gnu11;
				GCC_NO_COMMON_BLOCKS = YES;
				GCC_WARN_64_TO_32_BIT_CONVERSION = YES;
				GCC_WARN_ABOUT_RETURN_TYPE = YES_ERROR;
				GCC_WARN_UNDECLARED_SELECTOR = YES;
				GCC_WARN_UNINITIALIZED_AUTOS = YES_AGGRESSIVE;
				GCC_WARN_UNUSED_FUNCTION = YES;
				GCC_WARN_UNUSED_VARIABLE = YES;
				IPHONEOS_DEPLOYMENT_TARGET = 14.5;
				MTL_ENABLE_DEBUG_INFO = NO;
				MTL_FAST_MATH = YES;
				SDKROOT = iphoneos;
				SWIFT_COMPILATION_MODE = wholemodule;
				SWIFT_OPTIMIZATION_LEVEL = "-O";
				VALIDATE_PRODUCT = YES;
			};
			name = Release;
		};
		0D35C080268811F400565AA4 /* Debug */ = {
			isa = XCBuildConfiguration;
			buildSettings = {
				ASSETCATALOG_COMPILER_APPICON_NAME = AppIcon;
				ASSETCATALOG_COMPILER_GLOBAL_ACCENT_COLOR_NAME = AccentColor;
				CODE_SIGN_STYLE = Automatic;
				DEVELOPMENT_TEAM = KXX97XPPS5;
				INFOPLIST_FILE = MyMovieChart/Info.plist;
				LD_RUNPATH_SEARCH_PATHS = (
					"$(inherited)",
					"@executable_path/Frameworks",
				);
				PRODUCT_BUNDLE_IDENTIFIER = kr.co.bigzero.MyMovieChart;
				PRODUCT_NAME = "$(TARGET_NAME)";
				SWIFT_VERSION = 5.0;
				TARGETED_DEVICE_FAMILY = "1,2";
			};
			name = Debug;
		};
		0D35C081268811F400565AA4 /* Release */ = {
			isa = XCBuildConfiguration;
			buildSettings = {
				ASSETCATALOG_COMPILER_APPICON_NAME = AppIcon;
				ASSETCATALOG_COMPILER_GLOBAL_ACCENT_COLOR_NAME = AccentColor;
				CODE_SIGN_STYLE = Automatic;
				DEVELOPMENT_TEAM = KXX97XPPS5;
				INFOPLIST_FILE = MyMovieChart/Info.plist;
				LD_RUNPATH_SEARCH_PATHS = (
					"$(inherited)",
					"@executable_path/Frameworks",
				);
				PRODUCT_BUNDLE_IDENTIFIER = kr.co.bigzero.MyMovieChart;
				PRODUCT_NAME = "$(TARGET_NAME)";
				SWIFT_VERSION = 5.0;
				TARGETED_DEVICE_FAMILY = "1,2";
			};
			name = Release;
		};
/* End XCBuildConfiguration section */

/* Begin XCConfigurationList section */
		0D35C066268811F400565AA4 /* Build configuration list for PBXProject "MyMovieChart" */ = {
			isa = XCConfigurationList;
			buildConfigurations = (
				0D35C07D268811F400565AA4 /* Debug */,
				0D35C07E268811F400565AA4 /* Release */,
			);
			defaultConfigurationIsVisible = 0;
			defaultConfigurationName = Release;
		};
		0D35C07F268811F400565AA4 /* Build configuration list for PBXNativeTarget "MyMovieChart" */ = {
			isa = XCConfigurationList;
			buildConfigurations = (
				0D35C080268811F400565AA4 /* Debug */,
				0D35C081268811F400565AA4 /* Release */,
			);
			defaultConfigurationIsVisible = 0;
			defaultConfigurationName = Release;
		};
/* End XCConfigurationList section */
	};
	rootObject = 0D35C063268811F400565AA4 /* Project object */;
}
