<?xml version="1.0" encoding="UTF-8"?>
<Scheme
   version = "1.3">
   <BuildAction>
      <BuildActionEntries>
         <BuildActionEntry
            buildForRunning = "YES">
            <BuildableReference
               BuildableIdentifier = "primary"
               BlueprintIdentifier = "0D15D9A226A7E354001387BB"
               BuildableName = "Chapter03-TabBar.app"
               BlueprintName = "Chapter03-TabBar"
               ReferencedContainer = "container:Chapter03-TabBar.xcodeproj">
            </BuildableReference>
         </BuildActionEntry>
      </BuildActionEntries>
   </BuildAction>
   <LaunchAction
      useCustomWorkingDirectory = "NO"
      buildConfiguration = "Debug"
      allowLocationSimulation = "YES">
      <BuildableProductRunnable>
         <BuildableReference
            BuildableIdentifier = "primary"
            BlueprintIdentifier = "0D15D9A226A7E354001387BB"
            BuildableName = "Chapter03-TabBar.app"
            BlueprintName = "Chapter03-TabBar"
            ReferencedContainer = "container:Chapter03-TabBar.xcodeproj">
         </BuildableReference>
      </BuildableProductRunnable>
   </LaunchAction>
</Scheme>
