// !$*UTF8*$!
{
	archiveVersion = 1;
	classes = {
	};
	objectVersion = 46;
	objects = {

/* Begin PBXBuildFile section */
		9CB2D0836EA5260D7A469E15 /* Assets.xcassets in Resources */ = {isa = PBXBuildFile; fileRef = 9CB2D8A55892C4A00286C90E /* Assets.xcassets */; };
		9CB2D3D2591A2B29D74E4D01 /* Main.storyboard in Resources */ = {isa = PBXBuildFile; fileRef = 9CB2DF0729C83DB1D10F5396 /* Main.storyboard */; };
		9CB2D5CC11E2B5B79585E779 /* ViewController.swift in Sources */ = {isa = PBXBuildFile; fileRef = 9CB2D100EFD4033FAB3550C6 /* ViewController.swift */; };
		9CB2D62E8F6938BEA15CD38F /* LaunchScreen.storyboard in Resources */ = {isa = PBXBuildFile; fileRef = 9CB2D02DFF21FCBB0BAD5DC6 /* LaunchScreen.storyboard */; };
		9CB2D77CA4402807AA2ADC8B /* SceneDelegate.swift in Sources */ = {isa = PBXBuildFile; fileRef = 9CB2DF6BC29E501771E238DF /* SceneDelegate.swift */; };
		9CB2DEE57DB3AB9DA6DD1124 /* AppDelegate.swift in Sources */ = {isa = PBXBuildFile; fileRef = 9CB2DEAD24DA46AB45D74FAF /* AppDelegate.swift */; };
		A72DF965C7DB9622228C8C89 /* Pods_Chapter08_APITest.framework in Frameworks */ = {isa = PBXBuildFile; fileRef = 8AEA06696628931EAE4DB184 /* Pods_Chapter08_APITest.framework */; };
/* End PBXBuildFile section */

/* Begin PBXFileReference section */
		59A7D71A09C57F9CBF039A77 /* Pods-Chapter08-APITest.release.xcconfig */ = {isa = PBXFileReference; includeInIndex = 1; lastKnownFileType = text.xcconfig; name = "Pods-Chapter08-APITest.release.xcconfig"; path = "Target Support Files/Pods-Chapter08-APITest/Pods-Chapter08-APITest.release.xcconfig"; sourceTree = "<group>"; };
		8AD7E7849AAC19818D7FB8E5 /* Pods-Chapter08-APITest.debug.xcconfig */ = {isa = PBXFileReference; includeInIndex = 1; lastKnownFileType = text.xcconfig; name = "Pods-Chapter08-APITest.debug.xcconfig"; path = "Target Support Files/Pods-Chapter08-APITest/Pods-Chapter08-APITest.debug.xcconfig"; sourceTree = "<group>"; };
		8AEA06696628931EAE4DB184 /* Pods_Chapter08_APITest.framework */ = {isa = PBXFileReference; explicitFileType = wrapper.framework; includeInIndex = 0; path = Pods_Chapter08_APITest.framework; sourceTree = BUILT_PRODUCTS_DIR; };
		9CB2D0C067FD31455DDF60E9 /* Base */ = {isa = PBXFileReference; lastKnownFileType = file.storyboard; name = Base; path = Base.lproj/Main.storyboard; sourceTree = "<group>"; };
		9CB2D100EFD4033FAB3550C6 /* ViewController.swift */ = {isa = PBXFileReference; lastKnownFileType = sourcecode.swift; path = ViewController.swift; sourceTree = "<group>"; };
		9CB2D894D98CDD4823FCDE5A /* Chapter08-APITest.app */ = {isa = PBXFileReference; explicitFileType = wrapper.application; includeInIndex = 0; path = "Chapter08-APITest.app"; sourceTree = BUILT_PRODUCTS_DIR; };
		9CB2D8A55892C4A00286C90E /* Assets.xcassets */ = {isa = PBXFileReference; lastKnownFileType = folder.assetcatalog; path = Assets.xcassets; sourceTree = "<group>"; };
		9CB2DA08097B26638C46F667 /* Base */ = {isa = PBXFileReference; lastKnownFileType = file.storyboard; name = Base; path = Base.lproj/LaunchScreen.storyboard; sourceTree = "<group>"; };
		9CB2DAE8143DADAB0894ADEB /* Info.plist */ = {isa = PBXFileReference; lastKnownFileType = text.plist.info; path = Info.plist; sourceTree = "<group>"; };
		9CB2DEAD24DA46AB45D74FAF /* AppDelegate.swift */ = {isa = PBXFileReference; lastKnownFileType = sourcecode.swift; path = AppDelegate.swift; sourceTree = "<group>"; };
		9CB2DF6BC29E501771E238DF /* SceneDelegate.swift */ = {isa = PBXFileReference; lastKnownFileType = sourcecode.swift; path = SceneDelegate.swift; sourceTree = "<group>"; };
/* End PBXFileReference section */

/* Begin PBXFrameworksBuildPhase section */
		9CB2D71DD45A6069BD85CD56 /* Frameworks */ = {
			isa = PBXFrameworksBuildPhase;
			buildActionMask = 2147483647;
			files = (
				A72DF965C7DB9622228C8C89 /* Pods_Chapter08_APITest.framework in Frameworks */,
			);
			runOnlyForDeploymentPostprocessing = 0;
		};
/* End PBXFrameworksBuildPhase section */

/* Begin PBXGroup section */
		72A6D42029C32D925A8E129B /* Pods */ = {
			isa = PBXGroup;
			children = (
				8AD7E7849AAC19818D7FB8E5 /* Pods-Chapter08-APITest.debug.xcconfig */,
				59A7D71A09C57F9CBF039A77 /* Pods-Chapter08-APITest.release.xcconfig */,
			);
			name = Pods;
			path = Pods;
			sourceTree = "<group>";
		};
		9CB2D0B82F398B85F393BF06 /* Chapter08-APITest */ = {
			isa = PBXGroup;
			children = (
				9CB2DAE8143DADAB0894ADEB /* Info.plist */,
				9CB2D8A55892C4A00286C90E /* Assets.xcassets */,
				9CB2DEAD24DA46AB45D74FAF /* AppDelegate.swift */,
				9CB2D02DFF21FCBB0BAD5DC6 /* LaunchScreen.storyboard */,
				9CB2DF6BC29E501771E238DF /* SceneDelegate.swift */,
				9CB2D100EFD4033FAB3550C6 /* ViewController.swift */,
				9CB2DF0729C83DB1D10F5396 /* Main.storyboard */,
			);
			path = "Chapter08-APITest";
			sourceTree = "<group>";
		};
		9CB2D2CDD56592B1ECDA562B = {
			isa = PBXGroup;
			children = (
				9CB2D786409BDDAAC792800B /* Products */,
				9CB2D0B82F398B85F393BF06 /* Chapter08-APITest */,
				72A6D42029C32D925A8E129B /* Pods */,
				D7CA13914049734CD698CB0B /* Frameworks */,
			);
			sourceTree = "<group>";
		};
		9CB2D786409BDDAAC792800B /* Products */ = {
			isa = PBXGroup;
			children = (
				9CB2D894D98CDD4823FCDE5A /* Chapter08-APITest.app */,
			);
			name = Products;
			sourceTree = "<group>";
		};
		D7CA13914049734CD698CB0B /* Frameworks */ = {
			isa = PBXGroup;
			children = (
				8AEA06696628931EAE4DB184 /* Pods_Chapter08_APITest.framework */,
			);
			name = Frameworks;
			sourceTree = "<group>";
		};
/* End PBXGroup section */

/* Begin PBXNativeTarget section */
		9CB2D4268DCDF89E28B4CF4E /* Chapter08-APITest */ = {
			isa = PBXNativeTarget;
			buildConfigurationList = 9CB2D1C52775FF2462FD4947 /* Build configuration list for PBXNativeTarget "Chapter08-APITest" */;
			buildPhases = (
				36276D142A4025425CD39295 /* [CP] Check Pods Manifest.lock */,
				9CB2DA5F1F0E6893359EDAD5 /* Sources */,
				9CB2D71DD45A6069BD85CD56 /* Frameworks */,
				9CB2D9E84BD3B4AFBB43C205 /* Resources */,
				820CF9B636626E178F1F1867 /* [CP] Embed Pods Frameworks */,
			);
			buildRules = (
			);
			dependencies = (
			);
			name = "Chapter08-APITest";
			productName = "Chapter08-APITest";
			productReference = 9CB2D894D98CDD4823FCDE5A /* Chapter08-APITest.app */;
			productType = "com.apple.product-type.application";
		};
/* End PBXNativeTarget section */

/* Begin PBXProject section */
		9CB2DA31178DBC9688DD499C /* Project object */ = {
			isa = PBXProject;
			attributes = {
			};
			buildConfigurationList = 9CB2D704C7C7A8CDCFCF1866 /* Build configuration list for PBXProject "Chapter08-APITest" */;
			compatibilityVersion = "Xcode 3.2";
			developmentRegion = English;
			hasScannedForEncodings = 0;
			knownRegions = (
				English,
				en,
				Base,
			);
			mainGroup = 9CB2D2CDD56592B1ECDA562B;
			productRefGroup = 9CB2D786409BDDAAC792800B /* Products */;
			projectDirPath = "";
			projectRoot = "";
			targets = (
				9CB2D4268DCDF89E28B4CF4E /* Chapter08-APITest */,
			);
		};
/* End PBXProject section */

/* Begin PBXResourcesBuildPhase section */
		9CB2D9E84BD3B4AFBB43C205 /* Resources */ = {
			isa = PBXResourcesBuildPhase;
			buildActionMask = 2147483647;
			files = (
				9CB2D0836EA5260D7A469E15 /* Assets.xcassets in Resources */,
				9CB2D62E8F6938BEA15CD38F /* LaunchScreen.storyboard in Resources */,
				9CB2D3D2591A2B29D74E4D01 /* Main.storyboard in Resources */,
			);
			runOnlyForDeploymentPostprocessing = 0;
		};
/* End PBXResourcesBuildPhase section */

/* Begin PBXShellScriptBuildPhase section */
		36276D142A4025425CD39295 /* [CP] Check Pods Manifest.lock */ = {
			isa = PBXShellScriptBuildPhase;
			buildActionMask = 2147483647;
			files = (
			);
			inputFileListPaths = (
			);
			inputPaths = (
				"${PODS_PODFILE_DIR_PATH}/Podfile.lock",
				"${PODS_ROOT}/Manifest.lock",
			);
			name = "[CP] Check Pods Manifest.lock";
			outputFileListPaths = (
			);
			outputPaths = (
				"$(DERIVED_FILE_DIR)/Pods-Chapter08-APITest-checkManifestLockResult.txt",
			);
			runOnlyForDeploymentPostprocessing = 0;
			shellPath = /bin/sh;
			shellScript = "diff \"${PODS_PODFILE_DIR_PATH}/Podfile.lock\" \"${PODS_ROOT}/Manifest.lock\" > /dev/null\nif [ $? != 0 ] ; then\n    # print error to STDERR\n    echo \"error: The sandbox is not in sync with the Podfile.lock. Run 'pod install' or update your CocoaPods installation.\" >&2\n    exit 1\nfi\n# This output is used by Xcode 'outputs' to avoid re-running this script phase.\necho \"SUCCESS\" > \"${SCRIPT_OUTPUT_FILE_0}\"\n";
			showEnvVarsInLog = 0;
		};
		820CF9B636626E178F1F1867 /* [CP] Embed Pods Frameworks */ = {
			isa = PBXShellScriptBuildPhase;
			buildActionMask = 2147483647;
			files = (
			);
			inputPaths = (
				"${PODS_ROOT}/Target Support Files/Pods-Chapter08-APITest/Pods-Chapter08-APITest-frameworks.sh",
				"${BUILT_PRODUCTS_DIR}/Alamofire/Alamofire.framework",
			);
			name = "[CP] Embed Pods Frameworks";
			outputPaths = (
				"${TARGET_BUILD_DIR}/${FRAMEWORKS_FOLDER_PATH}/Alamofire.framework",
			);
			runOnlyForDeploymentPostprocessing = 0;
			shellPath = /bin/sh;
			shellScript = "\"${PODS_ROOT}/Target Support Files/Pods-Chapter08-APITest/Pods-Chapter08-APITest-frameworks.sh\"\n";
			showEnvVarsInLog = 0;
		};
/* End PBXShellScriptBuildPhase section */

/* Begin PBXSourcesBuildPhase section */
		9CB2DA5F1F0E6893359EDAD5 /* Sources */ = {
			isa = PBXSourcesBuildPhase;
			buildActionMask = 2147483647;
			files = (
				9CB2DEE57DB3AB9DA6DD1124 /* AppDelegate.swift in Sources */,
				9CB2D77CA4402807AA2ADC8B /* SceneDelegate.swift in Sources */,
				9CB2D5CC11E2B5B79585E779 /* ViewController.swift in Sources */,
			);
			runOnlyForDeploymentPostprocessing = 0;
		};
/* End PBXSourcesBuildPhase section */

/* Begin PBXVariantGroup section */
		9CB2D02DFF21FCBB0BAD5DC6 /* LaunchScreen.storyboard */ = {
			isa = PBXVariantGroup;
			children = (
				9CB2DA08097B26638C46F667 /* Base */,
			);
			name = LaunchScreen.storyboard;
			sourceTree = "<group>";
		};
		9CB2DF0729C83DB1D10F5396 /* Main.storyboard */ = {
			isa = PBXVariantGroup;
			children = (
				9CB2D0C067FD31455DDF60E9 /* Base */,
			);
			name = Main.storyboard;
			sourceTree = "<group>";
		};
/* End PBXVariantGroup section */

/* Begin XCBuildConfiguration section */
		9CB2D48E8F9F66738D8EA315 /* Release */ = {
			isa = XCBuildConfiguration;
			buildSettings = {
				ALWAYS_SEARCH_USER_PATHS = NO;
				CLANG_ANALYZER_NONNULL = YES;
				CLANG_ANALYZER_NUMBER_OBJECT_CONVERSION = YES_AGGRESSIVE;
				CLANG_CXX_LANGUAGE_STANDARD = "gnu++14";
				CLANG_CXX_LIBRARY = "libc++";
				CLANG_ENABLE_MODULES = YES;
				CLANG_ENABLE_OBJC_ARC = YES;
				CLANG_ENABLE_OBJC_WEAK = YES;
				CLANG_WARN_BLOCK_CAPTURE_AUTORELEASING = YES;
				CLANG_WARN_BOOL_CONVERSION = YES;
				CLANG_WARN_COMMA = YES;
				CLANG_WARN_CONSTANT_CONVERSION = YES;
				CLANG_WARN_DEPRECATED_OBJC_IMPLEMENTATIONS = YES;
				CLANG_WARN_DIRECT_OBJC_ISA_USAGE = YES_ERROR;
				CLANG_WARN_DOCUMENTATION_COMMENTS = YES;
				CLANG_WARN_EMPTY_BODY = YES;
				CLANG_WARN_ENUM_CONVERSION = YES;
				CLANG_WARN_INFINITE_RECURSION = YES;
				CLANG_WARN_INT_CONVERSION = YES;
				CLANG_WARN_NON_LITERAL_NULL_CONVERSION = YES;
				CLANG_WARN_OBJC_IMPLICIT_RETAIN_SELF = YES;
				CLANG_WARN_OBJC_LITERAL_CONVERSION = YES;
				CLANG_WARN_OBJC_ROOT_CLASS = YES_ERROR;
				CLANG_WARN_QUOTED_INCLUDE_IN_FRAMEWORK_HEADER = YES;
				CLANG_WARN_RANGE_LOOP_ANALYSIS = YES;
				CLANG_WARN_STRICT_PROTOTYPES = YES;
				CLANG_WARN_SUSPICIOUS_MOVE = YES;
				CLANG_WARN_UNGUARDED_AVAILABILITY = YES_AGGRESSIVE;
				CLANG_WARN_UNREACHABLE_CODE = YES;
				CLANG_WARN__DUPLICATE_METHOD_MATCH = YES;
				COPY_PHASE_STRIP = NO;
				DEBUG_INFORMATION_FORMAT = "dwarf-with-dsym";
				ENABLE_NS_ASSERTIONS = NO;
				ENABLE_STRICT_OBJC_MSGSEND = YES;
				GCC_C_LANGUAGE_STANDARD = gnu11;
				GCC_NO_COMMON_BLOCKS = YES;
				GCC_WARN_64_TO_32_BIT_CONVERSION = YES;
				GCC_WARN_ABOUT_RETURN_TYPE = YES_ERROR;
				GCC_WARN_UNDECLARED_SELECTOR = YES;
				GCC_WARN_UNINITIALIZED_AUTOS = YES_AGGRESSIVE;
				GCC_WARN_UNUSED_FUNCTION = YES;
				GCC_WARN_UNUSED_VARIABLE = YES;
				IPHONEOS_DEPLOYMENT_TARGET = 14.5;
				MTL_ENABLE_DEBUG_INFO = NO;
				MTL_FAST_MATH = YES;
				SDKROOT = iphoneos;
				SWIFT_OPTIMIZATION_LEVEL = "-Owholemodule";
				VALIDATE_PRODUCT = YES;
			};
			name = Release;
		};
		9CB2D52ED89097C209672B94 /* Debug */ = {
			isa = XCBuildConfiguration;
			buildSettings = {
				ALWAYS_SEARCH_USER_PATHS = NO;
				CLANG_ANALYZER_NONNULL = YES;
				CLANG_ANALYZER_NUMBER_OBJECT_CONVERSION = YES_AGGRESSIVE;
				CLANG_CXX_LANGUAGE_STANDARD = "gnu++14";
				CLANG_CXX_LIBRARY = "libc++";
				CLANG_ENABLE_MODULES = YES;
				CLANG_ENABLE_OBJC_ARC = YES;
				CLANG_ENABLE_OBJC_WEAK = YES;
				CLANG_WARN_BLOCK_CAPTURE_AUTORELEASING = YES;
				CLANG_WARN_BOOL_CONVERSION = YES;
				CLANG_WARN_COMMA = YES;
				CLANG_WARN_CONSTANT_CONVERSION = YES;
				CLANG_WARN_DEPRECATED_OBJC_IMPLEMENTATIONS = YES;
				CLANG_WARN_DIRECT_OBJC_ISA_USAGE = YES_ERROR;
				CLANG_WARN_DOCUMENTATION_COMMENTS = YES;
				CLANG_WARN_EMPTY_BODY = YES;
				CLANG_WARN_ENUM_CONVERSION = YES;
				CLANG_WARN_INFINITE_RECURSION = YES;
				CLANG_WARN_INT_CONVERSION = YES;
				CLANG_WARN_NON_LITERAL_NULL_CONVERSION = YES;
				CLANG_WARN_OBJC_IMPLICIT_RETAIN_SELF = YES;
				CLANG_WARN_OBJC_LITERAL_CONVERSION = YES;
				CLANG_WARN_OBJC_ROOT_CLASS = YES_ERROR;
				CLANG_WARN_QUOTED_INCLUDE_IN_FRAMEWORK_HEADER = YES;
				CLANG_WARN_RANGE_LOOP_ANALYSIS = YES;
				CLANG_WARN_STRICT_PROTOTYPES = YES;
				CLANG_WARN_SUSPICIOUS_MOVE = YES;
				CLANG_WARN_UNGUARDED_AVAILABILITY = YES_AGGRESSIVE;
				CLANG_WARN_UNREACHABLE_CODE = YES;
				CLANG_WARN__DUPLICATE_METHOD_MATCH = YES;
				COPY_PHASE_STRIP = NO;
				DEBUG_INFORMATION_FORMAT = dwarf;
				ENABLE_STRICT_OBJC_MSGSEND = YES;
				ENABLE_TESTABILITY = YES;
				GCC_C_LANGUAGE_STANDARD = gnu11;
				GCC_DYNAMIC_NO_PIC = NO;
				GCC_NO_COMMON_BLOCKS = YES;
				GCC_OPTIMIZATION_LEVEL = 0;
				GCC_PREPROCESSOR_DEFINITIONS = (
					"DEBUG=1",
					"$(inherited)",
				);
				GCC_WARN_64_TO_32_BIT_CONVERSION = YES;
				GCC_WARN_ABOUT_RETURN_TYPE = YES_ERROR;
				GCC_WARN_UNDECLARED_SELECTOR = YES;
				GCC_WARN_UNINITIALIZED_AUTOS = YES_AGGRESSIVE;
				GCC_WARN_UNUSED_FUNCTION = YES;
				GCC_WARN_UNUSED_VARIABLE = YES;
				IPHONEOS_DEPLOYMENT_TARGET = 14.5;
				MTL_ENABLE_DEBUG_INFO = INCLUDE_SOURCE;
				MTL_FAST_MATH = YES;
				ONLY_ACTIVE_ARCH = YES;
				SDKROOT = iphoneos;
				SWIFT_ACTIVE_COMPILATION_CONDITIONS = DEBUG;
				SWIFT_OPTIMIZATION_LEVEL = "-Onone";
			};
			name = Debug;
		};
		9CB2D666BA5626A255BE38A3 /* Debug */ = {
			isa = XCBuildConfiguration;
			baseConfigurationReference = 8AD7E7849AAC19818D7FB8E5 /* Pods-Chapter08-APITest.debug.xcconfig */;
			buildSettings = {
				ASSETCATALOG_COMPILER_APPICON_NAME = AppIcon;
				ASSETCATALOG_COMPILER_GLOBAL_ACCENT_COLOR_NAME = AccentColor;
				INFOPLIST_FILE = "Chapter08-APITest/Info.plist";
				LD_RUNPATH_SEARCH_PATHS = "$(inherited) @executable_path/Frameworks";
				PRODUCT_BUNDLE_IDENTIFIER = "kr.pe.bigzero.Chapter08-APITest";
				PRODUCT_NAME = "$(TARGET_NAME)";
				SWIFT_VERSION = 5.0;
				TARGETED_DEVICE_FAMILY = "1,2";
			};
			name = Debug;
		};
		9CB2DCDF27289FA417965C94 /* Release */ = {
			isa = XCBuildConfiguration;
			baseConfigurationReference = 59A7D71A09C57F9CBF039A77 /* Pods-Chapter08-APITest.release.xcconfig */;
			buildSettings = {
				ASSETCATALOG_COMPILER_APPICON_NAME = AppIcon;
				ASSETCATALOG_COMPILER_GLOBAL_ACCENT_COLOR_NAME = AccentColor;
				INFOPLIST_FILE = "Chapter08-APITest/Info.plist";
				LD_RUNPATH_SEARCH_PATHS = "$(inherited) @executable_path/Frameworks";
				PRODUCT_BUNDLE_IDENTIFIER = "kr.pe.bigzero.Chapter08-APITest";
				PRODUCT_NAME = "$(TARGET_NAME)";
				SWIFT_VERSION = 5.0;
				TARGETED_DEVICE_FAMILY = "1,2";
			};
			name = Release;
		};
/* End XCBuildConfiguration section */

/* Begin XCConfigurationList section */
		9CB2D1C52775FF2462FD4947 /* Build configuration list for PBXNativeTarget "Chapter08-APITest" */ = {
			isa = XCConfigurationList;
			buildConfigurations = (
				9CB2D666BA5626A255BE38A3 /* Debug */,
				9CB2DCDF27289FA417965C94 /* Release */,
			);
			defaultConfigurationIsVisible = 0;
			defaultConfigurationName = Release;
		};
		9CB2D704C7C7A8CDCFCF1866 /* Build configuration list for PBXProject "Chapter08-APITest" */ = {
			isa = XCConfigurationList;
			buildConfigurations = (
				9CB2D52ED89097C209672B94 /* Debug */,
				9CB2D48E8F9F66738D8EA315 /* Release */,
			);
			defaultConfigurationIsVisible = 0;
			defaultConfigurationName = Release;
		};
/* End XCConfigurationList section */
	};
	rootObject = 9CB2DA31178DBC9688DD499C /* Project object */;
}
